// !$*UTF8*$!
{
	archiveVersion = 1;
	classes = {
	};
	objectVersion = 50;
	objects = {

/* Begin PBXBuildFile section */
		1A33F07F530977B8F50A1614 /* libPods-SHMultilevelSubmenu.a in Frameworks */ = {isa = PBXBuildFile; fileRef = 0BB106CF2B128493891ED9FA /* libPods-SHMultilevelSubmenu.a */; };
		6D330C9F20BBF52F00D6D407 /* SHOneTable.m in Sources */ = {isa = PBXBuildFile; fileRef = 6D330C9E20BBF52F00D6D407 /* SHOneTable.m */; };
		6D330CA220BBF56900D6D407 /* SHOneModel.m in Sources */ = {isa = PBXBuildFile; fileRef = 6D330CA120BBF56900D6D407 /* SHOneModel.m */; };
		6D330CA520BBF61500D6D407 /* SHOneTableCell.m in Sources */ = {isa = PBXBuildFile; fileRef = 6D330CA420BBF61500D6D407 /* SHOneTableCell.m */; };
		6D330CA920BBF82B00D6D407 /* SHMultilevelSubmenu.m in Sources */ = {isa = PBXBuildFile; fileRef = 6D330CA820BBF82B00D6D407 /* SHMultilevelSubmenu.m */; };
		6D330CAF20BBFB2100D6D407 /* SHMuSubmenuConfig.m in Sources */ = {isa = PBXBuildFile; fileRef = 6D330CAE20BBFB2100D6D407 /* SHMuSubmenuConfig.m */; };
		6D45FB3120B7E9DD002FB386 /* SHItemModel.m in Sources */ = {isa = PBXBuildFile; fileRef = 6D45FB2A20B7E9DD002FB386 /* SHItemModel.m */; };
		6D45FB3220B7E9DD002FB386 /* SHItem.m in Sources */ = {isa = PBXBuildFile; fileRef = 6D45FB2B20B7E9DD002FB386 /* SHItem.m */; };
		6D45FB3320B7E9DD002FB386 /* UIView+ToImage.m in Sources */ = {isa = PBXBuildFile; fileRef = 6D45FB2E20B7E9DD002FB386 /* UIView+ToImage.m */; };
		6D45FB3420B7E9DD002FB386 /* SHSegmentController.m in Sources */ = {isa = PBXBuildFile; fileRef = 6D45FB2F20B7E9DD002FB386 /* SHSegmentController.m */; };
		6D45FB3720B7EA9B002FB386 /* ViewController.m in Sources */ = {isa = PBXBuildFile; fileRef = 6D45FB3620B7EA9B002FB386 /* ViewController.m */; };
		6D45FB3A20B7ECD3002FB386 /* SHMultilevelSubmenuVC.m in Sources */ = {isa = PBXBuildFile; fileRef = 6D45FB3920B7ECD3002FB386 /* SHMultilevelSubmenuVC.m */; };
		6D52740020B645F6001532BF /* AppDelegate.m in Sources */ = {isa = PBXBuildFile; fileRef = 6D5273FF20B645F6001532BF /* AppDelegate.m */; };
		6D52740620B645F6001532BF /* Main.storyboard in Resources */ = {isa = PBXBuildFile; fileRef = 6D52740420B645F6001532BF /* Main.storyboard */; };
		6D52740920B645F6001532BF /* SHMultilevelSubmenu.xcdatamodeld in Sources */ = {isa = PBXBuildFile; fileRef = 6D52740720B645F6001532BF /* SHMultilevelSubmenu.xcdatamodeld */; };
		6D52740B20B645F7001532BF /* Assets.xcassets in Resources */ = {isa = PBXBuildFile; fileRef = 6D52740A20B645F7001532BF /* Assets.xcassets */; };
		6D52740E20B645F7001532BF /* LaunchScreen.storyboard in Resources */ = {isa = PBXBuildFile; fileRef = 6D52740C20B645F7001532BF /* LaunchScreen.storyboard */; };
		6D52741120B645F7001532BF /* main.m in Sources */ = {isa = PBXBuildFile; fileRef = 6D52741020B645F7001532BF /* main.m */; };
		6D52741B20B645F7001532BF /* SHMultilevelSubmenuTests.m in Sources */ = {isa = PBXBuildFile; fileRef = 6D52741A20B645F7001532BF /* SHMultilevelSubmenuTests.m */; };
		6D52742620B645F8001532BF /* SHMultilevelSubmenuUITests.m in Sources */ = {isa = PBXBuildFile; fileRef = 6D52742520B645F8001532BF /* SHMultilevelSubmenuUITests.m */; };
		6DA1CB0920BCDF67004D176A /* NSString+MTRandom.m in Sources */ = {isa = PBXBuildFile; fileRef = 6DA1CB0720BCDF66004D176A /* NSString+MTRandom.m */; };
		6DA1CB0C20BD00CB004D176A /* SHTablesView.m in Sources */ = {isa = PBXBuildFile; fileRef = 6DA1CB0B20BD00CB004D176A /* SHTablesView.m */; };
		6DA1CB0F20BD021E004D176A /* SHTablsCell.m in Sources */ = {isa = PBXBuildFile; fileRef = 6DA1CB0E20BD021E004D176A /* SHTablsCell.m */; };
		6DA1CB1220BD1DE0004D176A /* SHTablesModel.m in Sources */ = {isa = PBXBuildFile; fileRef = 6DA1CB1120BD1DE0004D176A /* SHTablesModel.m */; };
/* End PBXBuildFile section */

/* Begin PBXContainerItemProxy section */
		6D52741720B645F7001532BF /* PBXContainerItemProxy */ = {
			isa = PBXContainerItemProxy;
			containerPortal = 6D5273F320B645F6001532BF /* Project object */;
			proxyType = 1;
			remoteGlobalIDString = 6D5273FA20B645F6001532BF;
			remoteInfo = SHMultilevelSubmenu;
		};
		6D52742220B645F7001532BF /* PBXContainerItemProxy */ = {
			isa = PBXContainerItemProxy;
			containerPortal = 6D5273F320B645F6001532BF /* Project object */;
			proxyType = 1;
			remoteGlobalIDString = 6D5273FA20B645F6001532BF;
			remoteInfo = SHMultilevelSubmenu;
		};
/* End PBXContainerItemProxy section */

/* Begin PBXFileReference section */
		0BB106CF2B128493891ED9FA /* libPods-SHMultilevelSubmenu.a */ = {isa = PBXFileReference; explicitFileType = archive.ar; includeInIndex = 0; path = "libPods-SHMultilevelSubmenu.a"; sourceTree = BUILT_PRODUCTS_DIR; };
		32FA114B25719819014A8541 /* Pods-SHMultilevelSubmenu.debug.xcconfig */ = {isa = PBXFileReference; includeInIndex = 1; lastKnownFileType = text.xcconfig; name = "Pods-SHMultilevelSubmenu.debug.xcconfig"; path = "Pods/Target Support Files/Pods-SHMultilevelSubmenu/Pods-SHMultilevelSubmenu.debug.xcconfig"; sourceTree = "<group>"; };
		6D330C9D20BBF52F00D6D407 /* SHOneTable.h */ = {isa = PBXFileReference; lastKnownFileType = sourcecode.c.h; path = SHOneTable.h; sourceTree = "<group>"; };
		6D330C9E20BBF52F00D6D407 /* SHOneTable.m */ = {isa = PBXFileReference; lastKnownFileType = sourcecode.c.objc; path = SHOneTable.m; sourceTree = "<group>"; };
		6D330CA020BBF56900D6D407 /* SHOneModel.h */ = {isa = PBXFileReference; lastKnownFileType = sourcecode.c.h; path = SHOneModel.h; sourceTree = "<group>"; };
		6D330CA120BBF56900D6D407 /* SHOneModel.m */ = {isa = PBXFileReference; lastKnownFileType = sourcecode.c.objc; path = SHOneModel.m; sourceTree = "<group>"; };
		6D330CA320BBF61500D6D407 /* SHOneTableCell.h */ = {isa = PBXFileReference; lastKnownFileType = sourcecode.c.h; path = SHOneTableCell.h; sourceTree = "<group>"; };
		6D330CA420BBF61500D6D407 /* SHOneTableCell.m */ = {isa = PBXFileReference; lastKnownFileType = sourcecode.c.objc; path = SHOneTableCell.m; sourceTree = "<group>"; };
		6D330CA720BBF82B00D6D407 /* SHMultilevelSubmenu.h */ = {isa = PBXFileReference; lastKnownFileType = sourcecode.c.h; path = SHMultilevelSubmenu.h; sourceTree = "<group>"; };
		6D330CA820BBF82B00D6D407 /* SHMultilevelSubmenu.m */ = {isa = PBXFileReference; lastKnownFileType = sourcecode.c.objc; path = SHMultilevelSubmenu.m; sourceTree = "<group>"; };
		6D330CAD20BBFB2100D6D407 /* SHMuSubmenuConfig.h */ = {isa = PBXFileReference; lastKnownFileType = sourcecode.c.h; path = SHMuSubmenuConfig.h; sourceTree = "<group>"; };
		6D330CAE20BBFB2100D6D407 /* SHMuSubmenuConfig.m */ = {isa = PBXFileReference; lastKnownFileType = sourcecode.c.objc; path = SHMuSubmenuConfig.m; sourceTree = "<group>"; };
		6D45FB2920B7E9DD002FB386 /* UIView+ToImage.h */ = {isa = PBXFileReference; fileEncoding = 4; lastKnownFileType = sourcecode.c.h; path = "UIView+ToImage.h"; sourceTree = "<group>"; };
		6D45FB2A20B7E9DD002FB386 /* SHItemModel.m */ = {isa = PBXFileReference; fileEncoding = 4; lastKnownFileType = sourcecode.c.objc; path = SHItemModel.m; sourceTree = "<group>"; };
		6D45FB2B20B7E9DD002FB386 /* SHItem.m */ = {isa = PBXFileReference; fileEncoding = 4; lastKnownFileType = sourcecode.c.objc; path = SHItem.m; sourceTree = "<group>"; };
		6D45FB2C20B7E9DD002FB386 /* SHSegmentController.h */ = {isa = PBXFileReference; fileEncoding = 4; lastKnownFileType = sourcecode.c.h; path = SHSegmentController.h; sourceTree = "<group>"; };
		6D45FB2D20B7E9DD002FB386 /* SHItemModel.h */ = {isa = PBXFileReference; fileEncoding = 4; lastKnownFileType = sourcecode.c.h; path = SHItemModel.h; sourceTree = "<group>"; };
		6D45FB2E20B7E9DD002FB386 /* UIView+ToImage.m */ = {isa = PBXFileReference; fileEncoding = 4; lastKnownFileType = sourcecode.c.objc; path = "UIView+ToImage.m"; sourceTree = "<group>"; };
		6D45FB2F20B7E9DD002FB386 /* SHSegmentController.m */ = {isa = PBXFileReference; fileEncoding = 4; lastKnownFileType = sourcecode.c.objc; path = SHSegmentController.m; sourceTree = "<group>"; };
		6D45FB3020B7E9DD002FB386 /* SHItem.h */ = {isa = PBXFileReference; fileEncoding = 4; lastKnownFileType = sourcecode.c.h; path = SHItem.h; sourceTree = "<group>"; };
		6D45FB3520B7EA9B002FB386 /* ViewController.h */ = {isa = PBXFileReference; lastKnownFileType = sourcecode.c.h; path = ViewController.h; sourceTree = "<group>"; };
		6D45FB3620B7EA9B002FB386 /* ViewController.m */ = {isa = PBXFileReference; lastKnownFileType = sourcecode.c.objc; path = ViewController.m; sourceTree = "<group>"; };
		6D45FB3820B7ECD3002FB386 /* SHMultilevelSubmenuVC.h */ = {isa = PBXFileReference; lastKnownFileType = sourcecode.c.h; path = SHMultilevelSubmenuVC.h; sourceTree = "<group>"; };
		6D45FB3920B7ECD3002FB386 /* SHMultilevelSubmenuVC.m */ = {isa = PBXFileReference; lastKnownFileType = sourcecode.c.objc; path = SHMultilevelSubmenuVC.m; sourceTree = "<group>"; };
		6D5273FB20B645F6001532BF /* SHMultilevelSubmenu.app */ = {isa = PBXFileReference; explicitFileType = wrapper.application; includeInIndex = 0; path = SHMultilevelSubmenu.app; sourceTree = BUILT_PRODUCTS_DIR; };
		6D5273FE20B645F6001532BF /* AppDelegate.h */ = {isa = PBXFileReference; lastKnownFileType = sourcecode.c.h; path = AppDelegate.h; sourceTree = "<group>"; };
		6D5273FF20B645F6001532BF /* AppDelegate.m */ = {isa = PBXFileReference; lastKnownFileType = sourcecode.c.objc; path = AppDelegate.m; sourceTree = "<group>"; };
		6D52740520B645F6001532BF /* Base */ = {isa = PBXFileReference; lastKnownFileType = file.storyboard; name = Base; path = Base.lproj/Main.storyboard; sourceTree = "<group>"; };
		6D52740820B645F6001532BF /* SHMultilevelSubmenu.xcdatamodel */ = {isa = PBXFileReference; lastKnownFileType = wrapper.xcdatamodel; path = SHMultilevelSubmenu.xcdatamodel; sourceTree = "<group>"; };
		6D52740A20B645F7001532BF /* Assets.xcassets */ = {isa = PBXFileReference; lastKnownFileType = folder.assetcatalog; path = Assets.xcassets; sourceTree = "<group>"; };
		6D52740D20B645F7001532BF /* Base */ = {isa = PBXFileReference; lastKnownFileType = file.storyboard; name = Base; path = Base.lproj/LaunchScreen.storyboard; sourceTree = "<group>"; };
		6D52740F20B645F7001532BF /* Info.plist */ = {isa = PBXFileReference; lastKnownFileType = text.plist.xml; path = Info.plist; sourceTree = "<group>"; };
		6D52741020B645F7001532BF /* main.m */ = {isa = PBXFileReference; lastKnownFileType = sourcecode.c.objc; path = main.m; sourceTree = "<group>"; };
		6D52741620B645F7001532BF /* SHMultilevelSubmenuTests.xctest */ = {isa = PBXFileReference; explicitFileType = wrapper.cfbundle; includeInIndex = 0; path = SHMultilevelSubmenuTests.xctest; sourceTree = BUILT_PRODUCTS_DIR; };
		6D52741A20B645F7001532BF /* SHMultilevelSubmenuTests.m */ = {isa = PBXFileReference; lastKnownFileType = sourcecode.c.objc; path = SHMultilevelSubmenuTests.m; sourceTree = "<group>"; };
		6D52741C20B645F7001532BF /* Info.plist */ = {isa = PBXFileReference; lastKnownFileType = text.plist.xml; path = Info.plist; sourceTree = "<group>"; };
		6D52742120B645F7001532BF /* SHMultilevelSubmenuUITests.xctest */ = {isa = PBXFileReference; explicitFileType = wrapper.cfbundle; includeInIndex = 0; path = SHMultilevelSubmenuUITests.xctest; sourceTree = BUILT_PRODUCTS_DIR; };
		6D52742520B645F8001532BF /* SHMultilevelSubmenuUITests.m */ = {isa = PBXFileReference; lastKnownFileType = sourcecode.c.objc; path = SHMultilevelSubmenuUITests.m; sourceTree = "<group>"; };
		6D52742720B645F8001532BF /* Info.plist */ = {isa = PBXFileReference; lastKnownFileType = text.plist.xml; path = Info.plist; sourceTree = "<group>"; };
		6DA1CB0720BCDF66004D176A /* NSString+MTRandom.m */ = {isa = PBXFileReference; fileEncoding = 4; lastKnownFileType = sourcecode.c.objc; path = "NSString+MTRandom.m"; sourceTree = "<group>"; };
		6DA1CB0820BCDF67004D176A /* NSString+MTRandom.h */ = {isa = PBXFileReference; fileEncoding = 4; lastKnownFileType = sourcecode.c.h; path = "NSString+MTRandom.h"; sourceTree = "<group>"; };
		6DA1CB0A20BD00CB004D176A /* SHTablesView.h */ = {isa = PBXFileReference; lastKnownFileType = sourcecode.c.h; path = SHTablesView.h; sourceTree = "<group>"; };
		6DA1CB0B20BD00CB004D176A /* SHTablesView.m */ = {isa = PBXFileReference; lastKnownFileType = sourcecode.c.objc; path = SHTablesView.m; sourceTree = "<group>"; };
		6DA1CB0D20BD021E004D176A /* SHTablsCell.h */ = {isa = PBXFileReference; lastKnownFileType = sourcecode.c.h; path = SHTablsCell.h; sourceTree = "<group>"; };
		6DA1CB0E20BD021E004D176A /* SHTablsCell.m */ = {isa = PBXFileReference; lastKnownFileType = sourcecode.c.objc; path = SHTablsCell.m; sourceTree = "<group>"; };
		6DA1CB1020BD1DE0004D176A /* SHTablesModel.h */ = {isa = PBXFileReference; lastKnownFileType = sourcecode.c.h; path = SHTablesModel.h; sourceTree = "<group>"; };
		6DA1CB1120BD1DE0004D176A /* SHTablesModel.m */ = {isa = PBXFileReference; lastKnownFileType = sourcecode.c.objc; path = SHTablesModel.m; sourceTree = "<group>"; };
		E94ECC8C89343D77DF5EF373 /* Pods-SHMultilevelSubmenu.release.xcconfig */ = {isa = PBXFileReference; includeInIndex = 1; lastKnownFileType = text.xcconfig; name = "Pods-SHMultilevelSubmenu.release.xcconfig"; path = "Pods/Target Support Files/Pods-SHMultilevelSubmenu/Pods-SHMultilevelSubmenu.release.xcconfig"; sourceTree = "<group>"; };
/* End PBXFileReference section */

/* Begin PBXFrameworksBuildPhase section */
		6D5273F820B645F6001532BF /* Frameworks */ = {
			isa = PBXFrameworksBuildPhase;
			buildActionMask = 2147483647;
			files = (
				1A33F07F530977B8F50A1614 /* libPods-SHMultilevelSubmenu.a in Frameworks */,
			);
			runOnlyForDeploymentPostprocessing = 0;
		};
		6D52741320B645F7001532BF /* Frameworks */ = {
			isa = PBXFrameworksBuildPhase;
			buildActionMask = 2147483647;
			files = (
			);
			runOnlyForDeploymentPostprocessing = 0;
		};
		6D52741E20B645F7001532BF /* Frameworks */ = {
			isa = PBXFrameworksBuildPhase;
			buildActionMask = 2147483647;
			files = (
			);
			runOnlyForDeploymentPostprocessing = 0;
		};
/* End PBXFrameworksBuildPhase section */

/* Begin PBXGroup section */
		103EAC0B30EBA3C5BB3E7A6C /* Frameworks */ = {
			isa = PBXGroup;
			children = (
				0BB106CF2B128493891ED9FA /* libPods-SHMultilevelSubmenu.a */,
			);
			name = Frameworks;
			sourceTree = "<group>";
		};
		561AD1BECFD6A3A47239BB13 /* Pods */ = {
			isa = PBXGroup;
			children = (
				32FA114B25719819014A8541 /* Pods-SHMultilevelSubmenu.debug.xcconfig */,
				E94ECC8C89343D77DF5EF373 /* Pods-SHMultilevelSubmenu.release.xcconfig */,
			);
			name = Pods;
			sourceTree = "<group>";
		};
		6D330C9820BBF4F900D6D407 /* OneTable */ = {
			isa = PBXGroup;
			children = (
				6D330C9D20BBF52F00D6D407 /* SHOneTable.h */,
				6D330C9E20BBF52F00D6D407 /* SHOneTable.m */,
			);
			path = OneTable;
			sourceTree = "<group>";
		};
		6D330C9920BBF4F900D6D407 /* Tables */ = {
			isa = PBXGroup;
			children = (
				6DA1CB0A20BD00CB004D176A /* SHTablesView.h */,
				6DA1CB0B20BD00CB004D176A /* SHTablesView.m */,
				6DA1CB1020BD1DE0004D176A /* SHTablesModel.h */,
				6DA1CB1120BD1DE0004D176A /* SHTablesModel.m */,
				6DA1CB0D20BD021E004D176A /* SHTablsCell.h */,
				6DA1CB0E20BD021E004D176A /* SHTablsCell.m */,
			);
			path = Tables;
			sourceTree = "<group>";
		};
		6D330CA620BBF64F00D6D407 /* TableSource */ = {
			isa = PBXGroup;
			children = (
				6D330CA020BBF56900D6D407 /* SHOneModel.h */,
				6D330CA120BBF56900D6D407 /* SHOneModel.m */,
				6D330CA320BBF61500D6D407 /* SHOneTableCell.h */,
				6D330CA420BBF61500D6D407 /* SHOneTableCell.m */,
				6D330CA720BBF82B00D6D407 /* SHMultilevelSubmenu.h */,
				6D330CA820BBF82B00D6D407 /* SHMultilevelSubmenu.m */,
				6D330CAD20BBFB2100D6D407 /* SHMuSubmenuConfig.h */,
				6D330CAE20BBFB2100D6D407 /* SHMuSubmenuConfig.m */,
			);
			path = TableSource;
			sourceTree = "<group>";
		};
		6D45FB2820B7E9DD002FB386 /* SHImageSegment */ = {
			isa = PBXGroup;
			children = (
				6D45FB2920B7E9DD002FB386 /* UIView+ToImage.h */,
				6D45FB2E20B7E9DD002FB386 /* UIView+ToImage.m */,
				6D45FB3020B7E9DD002FB386 /* SHItem.h */,
				6D45FB2B20B7E9DD002FB386 /* SHItem.m */,
				6D45FB2C20B7E9DD002FB386 /* SHSegmentController.h */,
				6D45FB2F20B7E9DD002FB386 /* SHSegmentController.m */,
				6D45FB2D20B7E9DD002FB386 /* SHItemModel.h */,
				6D45FB2A20B7E9DD002FB386 /* SHItemModel.m */,
			);
			path = SHImageSegment;
			sourceTree = "<group>";
		};
		6D5273F220B645F6001532BF = {
			isa = PBXGroup;
			children = (
				6D5273FD20B645F6001532BF /* SHMultilevelSubmenu */,
				6D52741920B645F7001532BF /* SHMultilevelSubmenuTests */,
				6D52742420B645F8001532BF /* SHMultilevelSubmenuUITests */,
				6D5273FC20B645F6001532BF /* Products */,
				561AD1BECFD6A3A47239BB13 /* Pods */,
				103EAC0B30EBA3C5BB3E7A6C /* Frameworks */,
			);
			sourceTree = "<group>";
		};
		6D5273FC20B645F6001532BF /* Products */ = {
			isa = PBXGroup;
			children = (
				6D5273FB20B645F6001532BF /* SHMultilevelSubmenu.app */,
				6D52741620B645F7001532BF /* SHMultilevelSubmenuTests.xctest */,
				6D52742120B645F7001532BF /* SHMultilevelSubmenuUITests.xctest */,
			);
			name = Products;
			sourceTree = "<group>";
		};
		6D5273FD20B645F6001532BF /* SHMultilevelSubmenu */ = {
			isa = PBXGroup;
			children = (
				6DA1CB0820BCDF67004D176A /* NSString+MTRandom.h */,
				6DA1CB0720BCDF66004D176A /* NSString+MTRandom.m */,
				6D45FB2820B7E9DD002FB386 /* SHImageSegment */,
				6D52743320B6460A001532BF /* MultilevelSubmenu */,
				6D5273FE20B645F6001532BF /* AppDelegate.h */,
				6D5273FF20B645F6001532BF /* AppDelegate.m */,
				6D45FB3520B7EA9B002FB386 /* ViewController.h */,
				6D45FB3620B7EA9B002FB386 /* ViewController.m */,
				6D52740420B645F6001532BF /* Main.storyboard */,
				6D52740A20B645F7001532BF /* Assets.xcassets */,
				6D52740C20B645F7001532BF /* LaunchScreen.storyboard */,
				6D52740F20B645F7001532BF /* Info.plist */,
				6D52741020B645F7001532BF /* main.m */,
				6D52740720B645F6001532BF /* SHMultilevelSubmenu.xcdatamodeld */,
			);
			path = SHMultilevelSubmenu;
			sourceTree = "<group>";
		};
		6D52741920B645F7001532BF /* SHMultilevelSubmenuTests */ = {
			isa = PBXGroup;
			children = (
				6D52741A20B645F7001532BF /* SHMultilevelSubmenuTests.m */,
				6D52741C20B645F7001532BF /* Info.plist */,
			);
			path = SHMultilevelSubmenuTests;
			sourceTree = "<group>";
		};
		6D52742420B645F8001532BF /* SHMultilevelSubmenuUITests */ = {
			isa = PBXGroup;
			children = (
				6D52742520B645F8001532BF /* SHMultilevelSubmenuUITests.m */,
				6D52742720B645F8001532BF /* Info.plist */,
			);
			path = SHMultilevelSubmenuUITests;
			sourceTree = "<group>";
		};
		6D52743320B6460A001532BF /* MultilevelSubmenu */ = {
			isa = PBXGroup;
			children = (
				6D45FB3820B7ECD3002FB386 /* SHMultilevelSubmenuVC.h */,
				6D45FB3920B7ECD3002FB386 /* SHMultilevelSubmenuVC.m */,
				6D330CA620BBF64F00D6D407 /* TableSource */,
				6D330C9820BBF4F900D6D407 /* OneTable */,
				6D330C9920BBF4F900D6D407 /* Tables */,
			);
			path = MultilevelSubmenu;
			sourceTree = "<group>";
		};
/* End PBXGroup section */

/* Begin PBXNativeTarget section */
		6D5273FA20B645F6001532BF /* SHMultilevelSubmenu */ = {
			isa = PBXNativeTarget;
			buildConfigurationList = 6D52742A20B645F8001532BF /* Build configuration list for PBXNativeTarget "SHMultilevelSubmenu" */;
			buildPhases = (
				C349A4BB3033B35B38CFABFC /* [CP] Check Pods Manifest.lock */,
				6D5273F720B645F6001532BF /* Sources */,
				6D5273F820B645F6001532BF /* Frameworks */,
				6D5273F920B645F6001532BF /* Resources */,
				450016C4F25067F2FC886E26 /* [CP] Copy Pods Resources */,
			);
			buildRules = (
			);
			dependencies = (
			);
			name = SHMultilevelSubmenu;
			productName = SHMultilevelSubmenu;
			productReference = 6D5273FB20B645F6001532BF /* SHMultilevelSubmenu.app */;
			productType = "com.apple.product-type.application";
		};
		6D52741520B645F7001532BF /* SHMultilevelSubmenuTests */ = {
			isa = PBXNativeTarget;
			buildConfigurationList = 6D52742D20B645F8001532BF /* Build configuration list for PBXNativeTarget "SHMultilevelSubmenuTests" */;
			buildPhases = (
				6D52741220B645F7001532BF /* Sources */,
				6D52741320B645F7001532BF /* Frameworks */,
				6D52741420B645F7001532BF /* Resources */,
			);
			buildRules = (
			);
			dependencies = (
				6D52741820B645F7001532BF /* PBXTargetDependency */,
			);
			name = SHMultilevelSubmenuTests;
			productName = SHMultilevelSubmenuTests;
			productReference = 6D52741620B645F7001532BF /* SHMultilevelSubmenuTests.xctest */;
			productType = "com.apple.product-type.bundle.unit-test";
		};
		6D52742020B645F7001532BF /* SHMultilevelSubmenuUITests */ = {
			isa = PBXNativeTarget;
			buildConfigurationList = 6D52743020B645F8001532BF /* Build configuration list for PBXNativeTarget "SHMultilevelSubmenuUITests" */;
			buildPhases = (
				6D52741D20B645F7001532BF /* Sources */,
				6D52741E20B645F7001532BF /* Frameworks */,
				6D52741F20B645F7001532BF /* Resources */,
			);
			buildRules = (
			);
			dependencies = (
				6D52742320B645F7001532BF /* PBXTargetDependency */,
			);
			name = SHMultilevelSubmenuUITests;
			productName = SHMultilevelSubmenuUITests;
			productReference = 6D52742120B645F7001532BF /* SHMultilevelSubmenuUITests.xctest */;
			productType = "com.apple.product-type.bundle.ui-testing";
		};
/* End PBXNativeTarget section */

/* Begin PBXProject section */
		6D5273F320B645F6001532BF /* Project object */ = {
			isa = PBXProject;
			attributes = {
				LastUpgradeCheck = 0930;
				ORGANIZATIONNAME = SHKIT;
				TargetAttributes = {
					6D5273FA20B645F6001532BF = {
						CreatedOnToolsVersion = 9.3;
					};
					6D52741520B645F7001532BF = {
						CreatedOnToolsVersion = 9.3;
						TestTargetID = 6D5273FA20B645F6001532BF;
					};
					6D52742020B645F7001532BF = {
						CreatedOnToolsVersion = 9.3;
						TestTargetID = 6D5273FA20B645F6001532BF;
					};
				};
			};
			buildConfigurationList = 6D5273F620B645F6001532BF /* Build configuration list for PBXProject "SHMultilevelSubmenu" */;
			compatibilityVersion = "Xcode 9.3";
			developmentRegion = en;
			hasScannedForEncodings = 0;
			knownRegions = (
				en,
				Base,
			);
			mainGroup = 6D5273F220B645F6001532BF;
			productRefGroup = 6D5273FC20B645F6001532BF /* Products */;
			projectDirPath = "";
			projectRoot = "";
			targets = (
				6D5273FA20B645F6001532BF /* SHMultilevelSubmenu */,
				6D52741520B645F7001532BF /* SHMultilevelSubmenuTests */,
				6D52742020B645F7001532BF /* SHMultilevelSubmenuUITests */,
			);
		};
/* End PBXProject section */

/* Begin PBXResourcesBuildPhase section */
		6D5273F920B645F6001532BF /* Resources */ = {
			isa = PBXResourcesBuildPhase;
			buildActionMask = 2147483647;
			files = (
				6D52740E20B645F7001532BF /* LaunchScreen.storyboard in Resources */,
				6D52740B20B645F7001532BF /* Assets.xcassets in Resources */,
				6D52740620B645F6001532BF /* Main.storyboard in Resources */,
			);
			runOnlyForDeploymentPostprocessing = 0;
		};
		6D52741420B645F7001532BF /* Resources */ = {
			isa = PBXResourcesBuildPhase;
			buildActionMask = 2147483647;
			files = (
			);
			runOnlyForDeploymentPostprocessing = 0;
		};
		6D52741F20B645F7001532BF /* Resources */ = {
			isa = PBXResourcesBuildPhase;
			buildActionMask = 2147483647;
			files = (
			);
			runOnlyForDeploymentPostprocessing = 0;
		};
/* End PBXResourcesBuildPhase section */

/* Begin PBXShellScriptBuildPhase section */
		450016C4F25067F2FC886E26 /* [CP] Copy Pods Resources */ = {
			isa = PBXShellScriptBuildPhase;
			buildActionMask = 2147483647;
			files = (
			);
			inputPaths = (
				"${SRCROOT}/Pods/Target Support Files/Pods-SHMultilevelSubmenu/Pods-SHMultilevelSubmenu-resources.sh",
				"${PODS_ROOT}/MJRefresh/MJRefresh/MJRefresh.bundle",
			);
			name = "[CP] Copy Pods Resources";
			outputPaths = (
				"${TARGET_BUILD_DIR}/${UNLOCALIZED_RESOURCES_FOLDER_PATH}/MJRefresh.bundle",
			);
			runOnlyForDeploymentPostprocessing = 0;
			shellPath = /bin/sh;
			shellScript = "\"${SRCROOT}/Pods/Target Support Files/Pods-SHMultilevelSubmenu/Pods-SHMultilevelSubmenu-resources.sh\"\n";
			showEnvVarsInLog = 0;
		};
		C349A4BB3033B35B38CFABFC /* [CP] Check Pods Manifest.lock */ = {
			isa = PBXShellScriptBuildPhase;
			buildActionMask = 2147483647;
			files = (
			);
			inputPaths = (
				"${PODS_PODFILE_DIR_PATH}/Podfile.lock",
				"${PODS_ROOT}/Manifest.lock",
			);
			name = "[CP] Check Pods Manifest.lock";
			outputPaths = (
				"$(DERIVED_FILE_DIR)/Pods-SHMultilevelSubmenu-checkManifestLockResult.txt",
			);
			runOnlyForDeploymentPostprocessing = 0;
			shellPath = /bin/sh;
			shellScript = "diff \"${PODS_PODFILE_DIR_PATH}/Podfile.lock\" \"${PODS_ROOT}/Manifest.lock\" > /dev/null\nif [ $? != 0 ] ; then\n    # print error to STDERR\n    echo \"error: The sandbox is not in sync with the Podfile.lock. Run 'pod install' or update your CocoaPods installation.\" >&2\n    exit 1\nfi\n# This output is used by Xcode 'outputs' to avoid re-running this script phase.\necho \"SUCCESS\" > \"${SCRIPT_OUTPUT_FILE_0}\"\n";
			showEnvVarsInLog = 0;
		};
/* End PBXShellScriptBuildPhase section */

/* Begin PBXSourcesBuildPhase section */
		6D5273F720B645F6001532BF /* Sources */ = {
			isa = PBXSourcesBuildPhase;
			buildActionMask = 2147483647;
			files = (
				6D330CAF20BBFB2100D6D407 /* SHMuSubmenuConfig.m in Sources */,
				6DA1CB1220BD1DE0004D176A /* SHTablesModel.m in Sources */,
				6D52740020B645F6001532BF /* AppDelegate.m in Sources */,
				6D330CA220BBF56900D6D407 /* SHOneModel.m in Sources */,
				6DA1CB0920BCDF67004D176A /* NSString+MTRandom.m in Sources */,
				6D45FB3A20B7ECD3002FB386 /* SHMultilevelSubmenuVC.m in Sources */,
				6D45FB3420B7E9DD002FB386 /* SHSegmentController.m in Sources */,
				6DA1CB0F20BD021E004D176A /* SHTablsCell.m in Sources */,
				6D330CA520BBF61500D6D407 /* SHOneTableCell.m in Sources */,
				6D330CA920BBF82B00D6D407 /* SHMultilevelSubmenu.m in Sources */,
				6D45FB3720B7EA9B002FB386 /* ViewController.m in Sources */,
				6D52741120B645F7001532BF /* main.m in Sources */,
				6DA1CB0C20BD00CB004D176A /* SHTablesView.m in Sources */,
				6D45FB3220B7E9DD002FB386 /* SHItem.m in Sources */,
				6D45FB3120B7E9DD002FB386 /* SHItemModel.m in Sources */,
				6D330C9F20BBF52F00D6D407 /* SHOneTable.m in Sources */,
				6D52740920B645F6001532BF /* SHMultilevelSubmenu.xcdatamodeld in Sources */,
				6D45FB3320B7E9DD002FB386 /* UIView+ToImage.m in Sources */,
			);
			runOnlyForDeploymentPostprocessing = 0;
		};
		6D52741220B645F7001532BF /* Sources */ = {
			isa = PBXSourcesBuildPhase;
			buildActionMask = 2147483647;
			files = (
				6D52741B20B645F7001532BF /* SHMultilevelSubmenuTests.m in Sources */,
			);
			runOnlyForDeploymentPostprocessing = 0;
		};
		6D52741D20B645F7001532BF /* Sources */ = {
			isa = PBXSourcesBuildPhase;
			buildActionMask = 2147483647;
			files = (
				6D52742620B645F8001532BF /* SHMultilevelSubmenuUITests.m in Sources */,
			);
			runOnlyForDeploymentPostprocessing = 0;
		};
/* End PBXSourcesBuildPhase section */

/* Begin PBXTargetDependency section */
		6D52741820B645F7001532BF /* PBXTargetDependency */ = {
			isa = PBXTargetDependency;
			target = 6D5273FA20B645F6001532BF /* SHMultilevelSubmenu */;
			targetProxy = 6D52741720B645F7001532BF /* PBXContainerItemProxy */;
		};
		6D52742320B645F7001532BF /* PBXTargetDependency */ = {
			isa = PBXTargetDependency;
			target = 6D5273FA20B645F6001532BF /* SHMultilevelSubmenu */;
			targetProxy = 6D52742220B645F7001532BF /* PBXContainerItemProxy */;
		};
/* End PBXTargetDependency section */

/* Begin PBXVariantGroup section */
		6D52740420B645F6001532BF /* Main.storyboard */ = {
			isa = PBXVariantGroup;
			children = (
				6D52740520B645F6001532BF /* Base */,
			);
			name = Main.storyboard;
			sourceTree = "<group>";
		};
		6D52740C20B645F7001532BF /* LaunchScreen.storyboard */ = {
			isa = PBXVariantGroup;
			children = (
				6D52740D20B645F7001532BF /* Base */,
			);
			name = LaunchScreen.storyboard;
			sourceTree = "<group>";
		};
/* End PBXVariantGroup section */

/* Begin XCBuildConfiguration section */
		6D52742820B645F8001532BF /* Debug */ = {
			isa = XCBuildConfiguration;
			buildSettings = {
				ALWAYS_SEARCH_USER_PATHS = NO;
				CLANG_ANALYZER_NONNULL = YES;
				CLANG_ANALYZER_NUMBER_OBJECT_CONVERSION = YES_AGGRESSIVE;
				CLANG_CXX_LANGUAGE_STANDARD = "gnu++14";
				CLANG_CXX_LIBRARY = "libc++";
				CLANG_ENABLE_MODULES = YES;
				CLANG_ENABLE_OBJC_ARC = YES;
				CLANG_ENABLE_OBJC_WEAK = YES;
				CLANG_WARN_BLOCK_CAPTURE_AUTORELEASING = YES;
				CLANG_WARN_BOOL_CONVERSION = YES;
				CLANG_WARN_COMMA = YES;
				CLANG_WARN_CONSTANT_CONVERSION = YES;
				CLANG_WARN_DEPRECATED_OBJC_IMPLEMENTATIONS = YES;
				CLANG_WARN_DIRECT_OBJC_ISA_USAGE = YES_ERROR;
				CLANG_WARN_DOCUMENTATION_COMMENTS = YES;
				CLANG_WARN_EMPTY_BODY = YES;
				CLANG_WARN_ENUM_CONVERSION = YES;
				CLANG_WARN_INFINITE_RECURSION = YES;
				CLANG_WARN_INT_CONVERSION = YES;
				CLANG_WARN_NON_LITERAL_NULL_CONVERSION = YES;
				CLANG_WARN_OBJC_IMPLICIT_RETAIN_SELF = YES;
				CLANG_WARN_OBJC_LITERAL_CONVERSION = YES;
				CLANG_WARN_OBJC_ROOT_CLASS = YES_ERROR;
				CLANG_WARN_RANGE_LOOP_ANALYSIS = YES;
				CLANG_WARN_STRICT_PROTOTYPES = YES;
				CLANG_WARN_SUSPICIOUS_MOVE = YES;
				CLANG_WARN_UNGUARDED_AVAILABILITY = YES_AGGRESSIVE;
				CLANG_WARN_UNREACHABLE_CODE = YES;
				CLANG_WARN__DUPLICATE_METHOD_MATCH = YES;
				CODE_SIGN_IDENTITY = "iPhone Developer";
				COPY_PHASE_STRIP = NO;
				DEBUG_INFORMATION_FORMAT = dwarf;
				ENABLE_STRICT_OBJC_MSGSEND = YES;
				ENABLE_TESTABILITY = YES;
				GCC_C_LANGUAGE_STANDARD = gnu11;
				GCC_DYNAMIC_NO_PIC = NO;
				GCC_NO_COMMON_BLOCKS = YES;
				GCC_OPTIMIZATION_LEVEL = 0;
				GCC_PREPROCESSOR_DEFINITIONS = (
					"DEBUG=1",
					"$(inherited)",
				);
				GCC_WARN_64_TO_32_BIT_CONVERSION = YES;
				GCC_WARN_ABOUT_RETURN_TYPE = YES_ERROR;
				GCC_WARN_UNDECLARED_SELECTOR = YES;
				GCC_WARN_UNINITIALIZED_AUTOS = YES_AGGRESSIVE;
				GCC_WARN_UNUSED_FUNCTION = YES;
				GCC_WARN_UNUSED_VARIABLE = YES;
				IPHONEOS_DEPLOYMENT_TARGET = 11.3;
				MTL_ENABLE_DEBUG_INFO = YES;
				ONLY_ACTIVE_ARCH = YES;
				SDKROOT = iphoneos;
			};
			name = Debug;
		};
		6D52742920B645F8001532BF /* Release */ = {
			isa = XCBuildConfiguration;
			buildSettings = {
				ALWAYS_SEARCH_USER_PATHS = NO;
				CLANG_ANALYZER_NONNULL = YES;
				CLANG_ANALYZER_NUMBER_OBJECT_CONVERSION = YES_AGGRESSIVE;
				CLANG_CXX_LANGUAGE_STANDARD = "gnu++14";
				CLANG_CXX_LIBRARY = "libc++";
				CLANG_ENABLE_MODULES = YES;
				CLANG_ENABLE_OBJC_ARC = YES;
				CLANG_ENABLE_OBJC_WEAK = YES;
				CLANG_WARN_BLOCK_CAPTURE_AUTORELEASING = YES;
				CLANG_WARN_BOOL_CONVERSION = YES;
				CLANG_WARN_COMMA = YES;
				CLANG_WARN_CONSTANT_CONVERSION = YES;
				CLANG_WARN_DEPRECATED_OBJC_IMPLEMENTATIONS = YES;
				CLANG_WARN_DIRECT_OBJC_ISA_USAGE = YES_ERROR;
				CLANG_WARN_DOCUMENTATION_COMMENTS = YES;
				CLANG_WARN_EMPTY_BODY = YES;
				CLANG_WARN_ENUM_CONVERSION = YES;
				CLANG_WARN_INFINITE_RECURSION = YES;
				CLANG_WARN_INT_CONVERSION = YES;
				CLANG_WARN_NON_LITERAL_NULL_CONVERSION = YES;
				CLANG_WARN_OBJC_IMPLICIT_RETAIN_SELF = YES;
				CLANG_WARN_OBJC_LITERAL_CONVERSION = YES;
				CLANG_WARN_OBJC_ROOT_CLASS = YES_ERROR;
				CLANG_WARN_RANGE_LOOP_ANALYSIS = YES;
				CLANG_WARN_STRICT_PROTOTYPES = YES;
				CLANG_WARN_SUSPICIOUS_MOVE = YES;
				CLANG_WARN_UNGUARDED_AVAILABILITY = YES_AGGRESSIVE;
				CLANG_WARN_UNREACHABLE_CODE = YES;
				CLANG_WARN__DUPLICATE_METHOD_MATCH = YES;
				CODE_SIGN_IDENTITY = "iPhone Developer";
				COPY_PHASE_STRIP = NO;
				DEBUG_INFORMATION_FORMAT = "dwarf-with-dsym";
				ENABLE_NS_ASSERTIONS = NO;
				ENABLE_STRICT_OBJC_MSGSEND = YES;
				GCC_C_LANGUAGE_STANDARD = gnu11;
				GCC_NO_COMMON_BLOCKS = YES;
				GCC_WARN_64_TO_32_BIT_CONVERSION = YES;
				GCC_WARN_ABOUT_RETURN_TYPE = YES_ERROR;
				GCC_WARN_UNDECLARED_SELECTOR = YES;
				GCC_WARN_UNINITIALIZED_AUTOS = YES_AGGRESSIVE;
				GCC_WARN_UNUSED_FUNCTION = YES;
				GCC_WARN_UNUSED_VARIABLE = YES;
				IPHONEOS_DEPLOYMENT_TARGET = 11.3;
				MTL_ENABLE_DEBUG_INFO = NO;
				SDKROOT = iphoneos;
				VALIDATE_PRODUCT = YES;
			};
			name = Release;
		};
		6D52742B20B645F8001532BF /* Debug */ = {
			isa = XCBuildConfiguration;
			baseConfigurationReference = 32FA114B25719819014A8541 /* Pods-SHMultilevelSubmenu.debug.xcconfig */;
			buildSettings = {
				ASSETCATALOG_COMPILER_APPICON_NAME = AppIcon;
				CODE_SIGN_STYLE = Automatic;
				DEVELOPMENT_TEAM = QN3M9RC4UW;
				INFOPLIST_FILE = SHMultilevelSubmenu/Info.plist;
				LD_RUNPATH_SEARCH_PATHS = (
					"$(inherited)",
					"@executable_path/Frameworks",
				);
				PRODUCT_BUNDLE_IDENTIFIER = SHKIT.SHMultilevelSubmenu;
				PRODUCT_NAME = "$(TARGET_NAME)";
				TARGETED_DEVICE_FAMILY = "1,2";
			};
			name = Debug;
		};
		6D52742C20B645F8001532BF /* Release */ = {
			isa = XCBuildConfiguration;
			baseConfigurationReference = E94ECC8C89343D77DF5EF373 /* Pods-SHMultilevelSubmenu.release.xcconfig */;
			buildSettings = {
				ASSETCATALOG_COMPILER_APPICON_NAME = AppIcon;
				CODE_SIGN_STYLE = Automatic;
				DEVELOPMENT_TEAM = QN3M9RC4UW;
				INFOPLIST_FILE = SHMultilevelSubmenu/Info.plist;
				LD_RUNPATH_SEARCH_PATHS = (
					"$(inherited)",
					"@executable_path/Frameworks",
				);
				PRODUCT_BUNDLE_IDENTIFIER = SHKIT.SHMultilevelSubmenu;
				PRODUCT_NAME = "$(TARGET_NAME)";
				TARGETED_DEVICE_FAMILY = "1,2";
			};
			name = Release;
		};
		6D52742E20B645F8001532BF /* Debug */ = {
			isa = XCBuildConfiguration;
			buildSettings = {
				BUNDLE_LOADER = "$(TEST_HOST)";
				CODE_SIGN_STYLE = Automatic;
				DEVELOPMENT_TEAM = QN3M9RC4UW;
				INFOPLIST_FILE = SHMultilevelSubmenuTests/Info.plist;
				LD_RUNPATH_SEARCH_PATHS = (
					"$(inherited)",
					"@executable_path/Frameworks",
					"@loader_path/Frameworks",
				);
				PRODUCT_BUNDLE_IDENTIFIER = SHKIT.SHMultilevelSubmenuTests;
				PRODUCT_NAME = "$(TARGET_NAME)";
				TARGETED_DEVICE_FAMILY = "1,2";
				TEST_HOST = "$(BUILT_PRODUCTS_DIR)/SHMultilevelSubmenu.app/SHMultilevelSubmenu";
			};
			name = Debug;
		};
		6D52742F20B645F8001532BF /* Release */ = {
			isa = XCBuildConfiguration;
			buildSettings = {
				BUNDLE_LOADER = "$(TEST_HOST)";
				CODE_SIGN_STYLE = Automatic;
				DEVELOPMENT_TEAM = QN3M9RC4UW;
				INFOPLIST_FILE = SHMultilevelSubmenuTests/Info.plist;
				LD_RUNPATH_SEARCH_PATHS = (
					"$(inherited)",
					"@executable_path/Frameworks",
					"@loader_path/Frameworks",
				);
				PRODUCT_BUNDLE_IDENTIFIER = SHKIT.SHMultilevelSubmenuTests;
				PRODUCT_NAME = "$(TARGET_NAME)";
				TARGETED_DEVICE_FAMILY = "1,2";
				TEST_HOST = "$(BUILT_PRODUCTS_DIR)/SHMultilevelSubmenu.app/SHMultilevelSubmenu";
			};
			name = Release;
		};
		6D52743120B645F8001532BF /* Debug */ = {
			isa = XCBuildConfiguration;
			buildSettings = {
				CODE_SIGN_STYLE = Automatic;
				DEVELOPMENT_TEAM = QN3M9RC4UW;
				INFOPLIST_FILE = SHMultilevelSubmenuUITests/Info.plist;
				LD_RUNPATH_SEARCH_PATHS = (
					"$(inherited)",
					"@executable_path/Frameworks",
					"@loader_path/Frameworks",
				);
				PRODUCT_BUNDLE_IDENTIFIER = SHKIT.SHMultilevelSubmenuUITests;
				PRODUCT_NAME = "$(TARGET_NAME)";
				TARGETED_DEVICE_FAMILY = "1,2";
				TEST_TARGET_NAME = SHMultilevelSubmenu;
			};
			name = Debug;
		};
		6D52743220B645F8001532BF /* Release */ = {
			isa = XCBuildConfiguration;
			buildSettings = {
				CODE_SIGN_STYLE = Automatic;
				DEVELOPMENT_TEAM = QN3M9RC4UW;
				INFOPLIST_FILE = SHMultilevelSubmenuUITests/Info.plist;
				LD_RUNPATH_SEARCH_PATHS = (
					"$(inherited)",
					"@executable_path/Frameworks",
					"@loader_path/Frameworks",
				);
				PRODUCT_BUNDLE_IDENTIFIER = SHKIT.SHMultilevelSubmenuUITests;
				PRODUCT_NAME = "$(TARGET_NAME)";
				TARGETED_DEVICE_FAMILY = "1,2";
				TEST_TARGET_NAME = SHMultilevelSubmenu;
			};
			name = Release;
		};
/* End XCBuildConfiguration section */

/* Begin XCConfigurationList section */
		6D5273F620B645F6001532BF /* Build configuration list for PBXProject "SHMultilevelSubmenu" */ = {
			isa = XCConfigurationList;
			buildConfigurations = (
				6D52742820B645F8001532BF /* Debug */,
				6D52742920B645F8001532BF /* Release */,
			);
			defaultConfigurationIsVisible = 0;
			defaultConfigurationName = Release;
		};
		6D52742A20B645F8001532BF /* Build configuration list for PBXNativeTarget "SHMultilevelSubmenu" */ = {
			isa = XCConfigurationList;
			buildConfigurations = (
				6D52742B20B645F8001532BF /* Debug */,
				6D52742C20B645F8001532BF /* Release */,
			);
			defaultConfigurationIsVisible = 0;
			defaultConfigurationName = Release;
		};
		6D52742D20B645F8001532BF /* Build configuration list for PBXNativeTarget "SHMultilevelSubmenuTests" */ = {
			isa = XCConfigurationList;
			buildConfigurations = (
				6D52742E20B645F8001532BF /* Debug */,
				6D52742F20B645F8001532BF /* Release */,
			);
			defaultConfigurationIsVisible = 0;
			defaultConfigurationName = Release;
		};
		6D52743020B645F8001532BF /* Build configuration list for PBXNativeTarget "SHMultilevelSubmenuUITests" */ = {
			isa = XCConfigurationList;
			buildConfigurations = (
				6D52743120B645F8001532BF /* Debug */,
				6D52743220B645F8001532BF /* Release */,
			);
			defaultConfigurationIsVisible = 0;
			defaultConfigurationName = Release;
		};
/* End XCConfigurationList section */

/* Begin XCVersionGroup section */
		6D52740720B645F6001532BF /* SHMultilevelSubmenu.xcdatamodeld */ = {
			isa = XCVersionGroup;
			children = (
				6D52740820B645F6001532BF /* SHMultilevelSubmenu.xcdatamodel */,
			);
			currentVersion = 6D52740820B645F6001532BF /* SHMultilevelSubmenu.xcdatamodel */;
			path = SHMultilevelSubmenu.xcdatamodeld;
			sourceTree = "<group>";
			versionGroupType = wrapper.xcdatamodel;
		};
/* End XCVersionGroup section */
	};
	rootObject = 6D5273F320B645F6001532BF /* Project object */;
}
